
Microsoft Visual Studio Solution File, Format Version 12.00
# Visual Studio Version 17
VisualStudioVersion = 17.14.36518.9
MinimumVisualStudioVersion = 10.0.40219.1
Project("{FAE04EC0-301F-11D3-BF4B-00C04F79EFBC}") = "JSopX.ProperRCL", "JSopX.ProperRCL\JSopX.ProperRCL.csproj", "{86DBC08B-5959-4433-812F-7349AD998361}"
EndProject
Project("{FAE04EC0-301F-11D3-BF4B-00C04F79EFBC}") = "JSopX.LazyRCL", "JSopX.LazyRCL\JSopX.LazyRCL.csproj", "{C4269404-1723-4318-A653-7EE47A1E9566}"
EndProject
Project("{FAE04EC0-301F-11D3-BF4B-00C04F79EFBC}") = "JSopX.AssetsRCL", "JSopX.AssetsRCL\JSopX.AssetsRCL.csproj", "{0B24B4E3-311E-4A54-B9DF-436300ED4BD6}"
EndProject
Global
	GlobalSection(SolutionConfigurationPlatforms) = preSolution
		Debug|Any CPU = Debug|Any CPU
		Release|Any CPU = Release|Any CPU
	EndGlobalSection
	GlobalSection(ProjectConfigurationPlatforms) = postSolution
		{86DBC08B-5959-4433-812F-7349AD998361}.Debug|Any CPU.ActiveCfg = Debug|Any CPU
		{86DBC08B-5959-4433-812F-7349AD998361}.Debug|Any CPU.Build.0 = Debug|Any CPU
		{86DBC08B-5959-4433-812F-7349AD998361}.Release|Any CPU.ActiveCfg = Release|Any CPU
		{86DBC08B-5959-4433-812F-7349AD998361}.Release|Any CPU.Build.0 = Release|Any CPU
		{C4269404-1723-4318-A653-7EE47A1E9566}.Debug|Any CPU.ActiveCfg = Debug|Any CPU
		{C4269404-1723-4318-A653-7EE47A1E9566}.Debug|Any CPU.Build.0 = Debug|Any CPU
		{C4269404-1723-4318-A653-7EE47A1E9566}.Release|Any CPU.ActiveCfg = Release|Any CPU
		{C4269404-1723-4318-A653-7EE47A1E9566}.Release|Any CPU.Build.0 = Release|Any CPU
		{0B24B4E3-311E-4A54-B9DF-436300ED4BD6}.Debug|Any CPU.ActiveCfg = Debug|Any CPU
		{0B24B4E3-311E-4A54-B9DF-436300ED4BD6}.Debug|Any CPU.Build.0 = Debug|Any CPU
		{0B24B4E3-311E-4A54-B9DF-436300ED4BD6}.Release|Any CPU.ActiveCfg = Release|Any CPU
		{0B24B4E3-311E-4A54-B9DF-436300ED4BD6}.Release|Any CPU.Build.0 = Release|Any CPU
	EndGlobalSection
	GlobalSection(SolutionProperties) = preSolution
		HideSolutionNode = FALSE
	EndGlobalSection
	GlobalSection(ExtensibilityGlobals) = postSolution
		SolutionGuid = {7335CF69-94FD-4229-B1A4-C851DAF83097}
	EndGlobalSection
EndGlobal
